Microsoft Visual Studio Solution File, Format Version 12.00
# Visual Studio Version 16
VisualStudioVersion = 16.0.32802.440
MinimumVisualStudioVersion = 10.0.40219.1
Project("{FAE04EC0-301F-11D3-BF4B-00C04F79EFBC}") = "UseModifiers", "UseModifiers.csproj", "{6417E970-ECCA-49D0-8461-DE648BCC6036}"
EndProject
Global
	GlobalSection(SolutionConfigurationPlatforms) = preSolution
		Debug|Any CPU = Debug|Any CPU
		Release|Any CPU = Release|Any CPU
	EndGlobalSection
	GlobalSection(ProjectConfigurationPlatforms) = postSolution
		{6417E970-ECCA-49D0-8461-DE648BCC6036}.Debug|Any CPU.ActiveCfg = Debug|Any CPU
		{6417E970-ECCA-49D0-8461-DE648BCC6036}.Debug|Any CPU.Build.0 = Debug|Any CPU
		{6417E970-ECCA-49D0-8461-DE648BCC6036}.Release|Any CPU.ActiveCfg = Release|Any CPU
		{6417E970-ECCA-49D0-8461-DE648BCC6036}.Release|Any CPU.Build.0 = Release|Any CPU
	EndGlobalSection
	GlobalSection(SolutionProperties) = preSolution
		HideSolutionNode = FALSE
	EndGlobalSection
	GlobalSection(ExtensibilityGlobals) = postSolution
		SolutionGuid = {541948E6-5840-407D-ABB8-516CCF40DA9E}
	EndGlobalSection
EndGlobal
